<?xml version="1.0" encoding="utf-8"?>
<Project ToolsVersion="4.0" xmlns="http://schemas.microsoft.com/developer/msbuild/2003">
  <ItemGroup>
    <Filter Include="Source Files">
      <UniqueIdentifier>{4FC737F1-C7A5-4376-A066-2A32D752A2FF}</UniqueIdentifier>
      <Extensions>cpp;c;cc;cxx;c++;cppm;ixx;def;odl;idl;hpj;bat;asm;asmx</Extensions>
    </Filter>
    <Filter Include="Header Files">
      <UniqueIdentifier>{93995380-89BD-4b04-88EB-625FBE52EBFB}</UniqueIdentifier>
      <Extensions>h;hh;hpp;hxx;h++;hm;inl;inc;ipp;xsd</Extensions>
    </Filter>
    <Filter Include="Resource Files">
      <UniqueIdentifier>{67DA6AB6-F800-4c08-8B7A-83BB121AAD01}</UniqueIdentifier>
      <Extensions>rc;ico;cur;bmp;dlg;rc2;rct;bin;rgs;gif;jpg;jpeg;jpe;resx;tiff;tif;png;wav;mfcribbon-ms</Extensions>
    </Filter>
    <Filter Include="docs">
      <UniqueIdentifier>{37fda2cd-3676-4d65-b448-be1928387290}</UniqueIdentifier>
    </Filter>
    <Filter Include="Header Files\Importers">
      <UniqueIdentifier>{f3bd0f15-2989-4645-b05e-7ef0f3a610ef}</UniqueIdentifier>
    </Filter>
    <Filter Include="Source Files\Importers">
      <UniqueIdentifier>{a0dadb8d-3d4c-40be-98ac-683d4cbf57b5}</UniqueIdentifier>
    </Filter>
    <Filter Include="Header Files\ThirdDependencies">
      <UniqueIdentifier>{bdecdcf0-e27a-4ec2-88a6-bfed8f9a5ce5}</UniqueIdentifier>
    </Filter>
    <Filter Include="Source Files\ThirdDependencies">
      <UniqueIdentifier>{a265b476-6e7a-43b8-be9b-925348d1ed8f}</UniqueIdentifier>
    </Filter>
    <Filter Include="Source Files\Core">
      <UniqueIdentifier>{1d23d9d0-f73f-4d60-88d1-b14a1d9b85cb}</UniqueIdentifier>
    </Filter>
    <Filter Include="Source Files\Core\Shaders">
      <UniqueIdentifier>{0f85260a-ef57-4fb1-a980-23fec78a0214}</UniqueIdentifier>
    </Filter>
    <Filter Include="Header Files\Core">
      <UniqueIdentifier>{b071bc92-2577-4bb8-9960-759a6f9e443d}</UniqueIdentifier>
    </Filter>
    <Filter Include="Header Files\Core\Shaders">
      <UniqueIdentifier>{2f6c5fc5-7ccf-4f85-8847-245285a69b20}</UniqueIdentifier>
    </Filter>
  </ItemGroup>
  <ItemGroup>
    <ClCompile Include="main.cpp">
      <Filter>Source Files</Filter>
    </ClCompile>
    <ClCompile Include="Camera.cpp">
      <Filter>Source Files</Filter>
    </ClCompile>
    <ClCompile Include="GltfImporter.cpp">
      <Filter>Source Files\Importers</Filter>
    </ClCompile>
    <ClCompile Include="IModelImporter.cpp">
      <Filter>Source Files\Importers</Filter>
    </ClCompile>
    <ClCompile Include="FbxImporterExperimental.cpp">
      <Filter>Source Files\Importers</Filter>
    </ClCompile>
    <ClCompile Include="glad.c">
      <Filter>Source Files\ThirdDependencies</Filter>
    </ClCompile>
    <ClCompile Include="stb_image.cpp">
      <Filter>Source Files\ThirdDependencies</Filter>
    </ClCompile>
    <ClCompile Include="ufbx.c">
      <Filter>Source Files\ThirdDependencies</Filter>
    </ClCompile>
    <ClCompile Include="Shader.cpp">
      <Filter>Source Files\Core\Shaders</Filter>
    </ClCompile>
    <ClCompile Include="Mesh.cpp">
      <Filter>Source Files\Core</Filter>
    </ClCompile>
    <ClCompile Include="Model.cpp">
      <Filter>Source Files\Core</Filter>
    </ClCompile>
    <ClCompile Include="IRenderable.cpp">
      <Filter>Source Files\Core</Filter>
    </ClCompile>
  </ItemGroup>
  <ItemGroup>
    <None Include="docs.md">
      <Filter>docs</Filter>
    </None>
    <None Include="rendering_main_objects.md">
      <Filter>docs</Filter>
    </None>
  </ItemGroup>
  <ItemGroup>
    <ClInclude Include="Camera.h">
      <Filter>Header Files</Filter>
    </ClInclude>
    <ClInclude Include="FbxImporterExperimental.h">
      <Filter>Header Files\Importers</Filter>
    </ClInclude>
    <ClInclude Include="GltfImporter.h">
      <Filter>Header Files\Importers</Filter>
    </ClInclude>
    <ClInclude Include="IModelImporter.h">
      <Filter>Header Files\Importers</Filter>
    </ClInclude>
    <ClInclude Include="cgltf.h">
      <Filter>Header Files\ThirdDependencies</Filter>
    </ClInclude>
    <ClInclude Include="ufbx.h">
      <Filter>Header Files\ThirdDependencies</Filter>
    </ClInclude>
    <ClInclude Include="stb_image.h">
      <Filter>Header Files\ThirdDependencies</Filter>
    </ClInclude>
    <ClInclude Include="Shader.h">
      <Filter>Header Files\Core\Shaders</Filter>
    </ClInclude>
    <ClInclude Include="Model.h">
      <Filter>Header Files\Core</Filter>
    </ClInclude>
    <ClInclude Include="Mesh.h">
      <Filter>Header Files\Core</Filter>
    </ClInclude>
    <ClInclude Include="IRenderable.h">
      <Filter>Header Files\Core</Filter>
    </ClInclude>
  </ItemGroup>
  <ItemGroup>
    <CopyFileToFolders Include="Resources\container.jpg">
      <Filter>Resource Files</Filter>
    </CopyFileToFolders>
    <CopyFileToFolders Include="Resources\cat.png">
      <Filter>Resource Files</Filter>
    </CopyFileToFolders>
    <CopyFileToFolders Include="Shaders\fragmentShader.fs">
      <Filter>Header Files\Core\Shaders</Filter>
    </CopyFileToFolders>
    <CopyFileToFolders Include="Shaders\vertexShader.vs">
      <Filter>Header Files\Core\Shaders</Filter>
    </CopyFileToFolders>
  </ItemGroup>
</Project>