<?xml version="1.0" encoding="utf-8"?>
<Project ToolsVersion="4.0" xmlns="http://schemas.microsoft.com/developer/msbuild/2003">
  <ItemGroup>
    <Filter Include="Source Files">
      <UniqueIdentifier>{4FC737F1-C7A5-4376-A066-2A32D752A2FF}</UniqueIdentifier>
      <Extensions>cpp;c;cc;cxx;c++;cppm;ixx;def;odl;idl;hpj;bat;asm;asmx</Extensions>
    </Filter>
    <Filter Include="Header Files">
      <UniqueIdentifier>{93995380-89BD-4b04-88EB-625FBE52EBFB}</UniqueIdentifier>
      <Extensions>h;hh;hpp;hxx;h++;hm;inl;inc;ipp;xsd</Extensions>
    </Filter>
    <Filter Include="Resource Files">
      <UniqueIdentifier>{67DA6AB6-F800-4c08-8B7A-83BB121AAD01}</UniqueIdentifier>
      <Extensions>rc;ico;cur;bmp;dlg;rc2;rct;bin;rgs;gif;jpg;jpeg;jpe;resx;tiff;tif;png;wav;mfcribbon-ms</Extensions>
    </Filter>
    <Filter Include="docs">
      <UniqueIdentifier>{37fda2cd-3676-4d65-b448-be1928387290}</UniqueIdentifier>
    </Filter>
    <Filter Include="Header Files\Importers">
      <UniqueIdentifier>{f3bd0f15-2989-4645-b05e-7ef0f3a610ef}</UniqueIdentifier>
    </Filter>
    <Filter Include="Source Files\Importers">
      <UniqueIdentifier>{a0dadb8d-3d4c-40be-98ac-683d4cbf57b5}</UniqueIdentifier>
    </Filter>
    <Filter Include="Header Files\ThirdDependencies">
      <UniqueIdentifier>{bdecdcf0-e27a-4ec2-88a6-bfed8f9a5ce5}</UniqueIdentifier>
    </Filter>
    <Filter Include="Source Files\ThirdDependencies">
      <UniqueIdentifier>{a265b476-6e7a-43b8-be9b-925348d1ed8f}</UniqueIdentifier>
    </Filter>
    <Filter Include="Source Files\Core">
      <UniqueIdentifier>{1d23d9d0-f73f-4d60-88d1-b14a1d9b85cb}</UniqueIdentifier>
    </Filter>
    <Filter Include="Source Files\Core\Shaders">
      <UniqueIdentifier>{0f85260a-ef57-4fb1-a980-23fec78a0214}</UniqueIdentifier>
    </Filter>
    <Filter Include="Header Files\Core">
      <UniqueIdentifier>{b071bc92-2577-4bb8-9960-759a6f9e443d}</UniqueIdentifier>
    </Filter>
    <Filter Include="Source Files\Core\ECS">
      <UniqueIdentifier>{438c01ba-68d7-4896-890d-ca583e299d4b}</UniqueIdentifier>
    </Filter>
    <Filter Include="Header Files\Core\ECS">
      <UniqueIdentifier>{de35974b-e989-487f-9ac8-82355c8c467d}</UniqueIdentifier>
    </Filter>
    <Filter Include="Header Files\Core\Logger">
      <UniqueIdentifier>{e31ec5fb-838c-4b2e-8d4a-747f1620f899}</UniqueIdentifier>
    </Filter>
    <Filter Include="Source Files\Core\Logger">
      <UniqueIdentifier>{b191d873-1a39-4773-abfa-3cef874970d0}</UniqueIdentifier>
    </Filter>
    <Filter Include="Header Files\Components">
      <UniqueIdentifier>{c0514972-2f1a-4616-a7b4-98898ebf3681}</UniqueIdentifier>
    </Filter>
    <Filter Include="Header Files\Systems">
      <UniqueIdentifier>{0bbafeaa-9436-47bc-907b-10187787af9a}</UniqueIdentifier>
    </Filter>
    <Filter Include="Source Files\Components">
      <UniqueIdentifier>{b928f1f4-4c22-4147-8cb6-0f4d897f416a}</UniqueIdentifier>
    </Filter>
    <Filter Include="Source Files\Systems">
      <UniqueIdentifier>{47741b5c-6e1e-4a12-bc32-48b14913c37a}</UniqueIdentifier>
    </Filter>
    <Filter Include="Assets">
      <UniqueIdentifier>{3fa8b98c-c159-4fa7-8864-47cdd905e89f}</UniqueIdentifier>
    </Filter>
    <Filter Include="Header Files\Core\Physics">
      <UniqueIdentifier>{ea201737-42e6-4f8e-956f-c701d11d5c13}</UniqueIdentifier>
    </Filter>
    <Filter Include="Source Files\Core\Physics">
      <UniqueIdentifier>{4b4be5fb-6fd7-4d25-b5e4-0f339076da01}</UniqueIdentifier>
    </Filter>
    <Filter Include="Source Files\Core\Animations">
      <UniqueIdentifier>{1270e3b9-2dc7-4368-ab95-20c05f071e7b}</UniqueIdentifier>
    </Filter>
    <Filter Include="Header Files\Core\Animations">
      <UniqueIdentifier>{c5d48f28-9e8c-438e-829d-ebea9c75e540}</UniqueIdentifier>
    </Filter>
    <Filter Include="Source Files\Core\Audio">
      <UniqueIdentifier>{311a4419-51dd-424f-8d14-78677a50adcc}</UniqueIdentifier>
    </Filter>
    <Filter Include="Header Files\Core\Audio">
      <UniqueIdentifier>{2ba59401-abc0-4c2e-872c-5dac426e9fa0}</UniqueIdentifier>
    </Filter>
  </ItemGroup>
  <ItemGroup>
    <ClCompile Include="GltfImporter.cpp">
      <Filter>Source Files\Importers</Filter>
    </ClCompile>
    <ClCompile Include="IModelImporter.cpp">
      <Filter>Source Files\Importers</Filter>
    </ClCompile>
    <ClCompile Include="FbxImporterExperimental.cpp">
      <Filter>Source Files\Importers</Filter>
    </ClCompile>
    <ClCompile Include="glad.c">
      <Filter>Source Files\ThirdDependencies</Filter>
    </ClCompile>
    <ClCompile Include="stb_image.cpp">
      <Filter>Source Files\ThirdDependencies</Filter>
    </ClCompile>
    <ClCompile Include="ufbx.c">
      <Filter>Source Files\ThirdDependencies</Filter>
    </ClCompile>
    <ClCompile Include="Shader.cpp">
      <Filter>Source Files\Core\Shaders</Filter>
    </ClCompile>
    <ClCompile Include="Mesh.cpp">
      <Filter>Source Files\Core</Filter>
    </ClCompile>
    <ClCompile Include="Model.cpp">
      <Filter>Source Files\Core</Filter>
    </ClCompile>
    <ClCompile Include="IRenderable.cpp">
      <Filter>Source Files\Core</Filter>
    </ClCompile>
    <ClCompile Include="ECS.cpp">
      <Filter>Source Files\Core\ECS</Filter>
    </ClCompile>
    <ClCompile Include="Engine.cpp">
      <Filter>Source Files\Core</Filter>
    </ClCompile>
    <ClCompile Include="ComponentRegistry.cpp">
      <Filter>Source Files\Core\ECS</Filter>
    </ClCompile>
    <ClCompile Include="Logger.cpp">
      <Filter>Source Files\Core\Logger</Filter>
    </ClCompile>
    <ClCompile Include="MeshComponent.cpp">
      <Filter>Source Files\Components</Filter>
    </ClCompile>
    <ClCompile Include="TransformComponent.cpp">
      <Filter>Source Files\Components</Filter>
    </ClCompile>
    <ClCompile Include="RenderSystem.cpp">
      <Filter>Source Files\Systems</Filter>
    </ClCompile>
    <ClCompile Include="CameraComponent.cpp">
      <Filter>Source Files\Components</Filter>
    </ClCompile>
    <ClCompile Include="CameraSystem.cpp">
      <Filter>Source Files\Systems</Filter>
    </ClCompile>
    <ClCompile Include="PrimitivesHelper.cpp">
      <Filter>Source Files</Filter>
    </ClCompile>
    <ClCompile Include="Input.cpp">
      <Filter>Source Files</Filter>
    </ClCompile>
    <ClCompile Include="EnableComponent.cpp">
      <Filter>Source Files\Components</Filter>
    </ClCompile>
    <ClCompile Include="PhysicsSystem.cpp">
      <Filter>Source Files\Systems</Filter>
    </ClCompile>
    <ClCompile Include="PhysicsComponent.cpp">
      <Filter>Source Files\Components</Filter>
    </ClCompile>
    <ClCompile Include="PhysicsEngine.cpp">
      <Filter>Source Files\Core\Physics</Filter>
    </ClCompile>
    <ClCompile Include="BPLayerInterfaceImpl.cpp">
      <Filter>Source Files\Core\Physics</Filter>
    </ClCompile>
    <ClCompile Include="ObjectVsBPLayerFilterImpl.cpp">
      <Filter>Source Files\Core\Physics</Filter>
    </ClCompile>
    <ClCompile Include="ObjectLayerPairFilterImpl.cpp">
      <Filter>Source Files\Core\Physics</Filter>
    </ClCompile>
    <ClCompile Include="DebugDraw.cpp">
      <Filter>Source Files</Filter>
    </ClCompile>
    <ClCompile Include="ModelImporter.cpp">
      <Filter>Source Files\Importers</Filter>
    </ClCompile>
    <ClCompile Include="MateContactListener.cpp">
      <Filter>Source Files\Core\Physics</Filter>
    </ClCompile>
    <ClCompile Include="PhysicsData.h">
      <Filter>Header Files\Core\Physics</Filter>
    </ClCompile>
    <ClCompile Include="PhysicsData.cpp">
      <Filter>Source Files\Core\Physics</Filter>
    </ClCompile>
    <ClCompile Include="AssetManager.cpp">
      <Filter>Source Files</Filter>
    </ClCompile>
    <ClCompile Include="AnimationClip.cpp">
      <Filter>Source Files\Core\Animations</Filter>
    </ClCompile>
    <ClCompile Include="SkeletonBuilder.cpp">
      <Filter>Source Files\Core\Animations</Filter>
    </ClCompile>
    <ClCompile Include="Skeleton.cpp">
      <Filter>Source Files\Core\Animations</Filter>
    </ClCompile>
    <ClCompile Include="AnimationComponent.cpp">
      <Filter>Source Files\Components</Filter>
    </ClCompile>
    <ClCompile Include="AnimationSystem.cpp">
      <Filter>Source Files\Systems</Filter>
    </ClCompile>
    <ClCompile Include="OzzLoader.cpp">
      <Filter>Source Files\Core\Animations</Filter>
    </ClCompile>
    <ClCompile Include="ExternalOzzProcessor.cpp">
      <Filter>Source Files\Core\Animations</Filter>
    </ClCompile>
    <ClCompile Include="AnimationHelper.h">
      <Filter>Header Files\Core\Animations</Filter>
    </ClCompile>
    <ClCompile Include="AnimationBuilder.cpp">
      <Filter>Source Files\Core\Animations</Filter>
    </ClCompile>
    <ClCompile Include="Component.cpp">
      <Filter>Source Files\Core\ECS</Filter>
    </ClCompile>
    <ClCompile Include="Entity.cpp">
      <Filter>Source Files\Core\ECS</Filter>
    </ClCompile>
    <ClCompile Include="AudioSystem.cpp">
      <Filter>Source Files\Systems</Filter>
    </ClCompile>
    <ClCompile Include="AudioEngine.cpp">
      <Filter>Source Files\Core\Audio</Filter>
    </ClCompile>
    <ClCompile Include="AudioClip.cpp">
      <Filter>Source Files\Core\Audio</Filter>
    </ClCompile>
    <ClCompile Include="AudioComponent.cpp">
      <Filter>Source Files\Components</Filter>
    </ClCompile>
    <ClCompile Include="RenderContext.h">
      <Filter>Header Files\Core</Filter>
    </ClCompile>
    <ClCompile Include="Skybox.cpp">
      <Filter>Source Files\Core</Filter>
    </ClCompile>
    <ClCompile Include="IGame.cpp">
      <Filter>Source Files</Filter>
    </ClCompile>
    <ClCompile Include="Texture.cpp">
      <Filter>Source Files\Core</Filter>
    </ClCompile>
  </ItemGroup>
  <ItemGroup>
    <None Include="docs.md">
      <Filter>docs</Filter>
    </None>
    <None Include="rendering_main_objects.md">
      <Filter>docs</Filter>
    </None>
    <None Include="ECS.inl">
      <Filter>Header Files\Core\ECS</Filter>
    </None>
    <None Include="Assets\fragmentShader.shader">
      <Filter>Assets</Filter>
    </None>
    <None Include="Assets\vertexShader.shader">
      <Filter>Assets</Filter>
    </None>
    <None Include="Entity.inl">
      <Filter>Header Files\Core\ECS</Filter>
    </None>
    <None Include="Assets\fsSkybox.shader">
      <Filter>Assets</Filter>
    </None>
    <None Include="Assets\vsSkybox.shader">
      <Filter>Assets</Filter>
    </None>
  </ItemGroup>
  <ItemGroup>
    <ClInclude Include="FbxImporterExperimental.h">
      <Filter>Header Files\Importers</Filter>
    </ClInclude>
    <ClInclude Include="GltfImporter.h">
      <Filter>Header Files\Importers</Filter>
    </ClInclude>
    <ClInclude Include="IModelImporter.h">
      <Filter>Header Files\Importers</Filter>
    </ClInclude>
    <ClInclude Include="cgltf.h">
      <Filter>Header Files\ThirdDependencies</Filter>
    </ClInclude>
    <ClInclude Include="ufbx.h">
      <Filter>Header Files\ThirdDependencies</Filter>
    </ClInclude>
    <ClInclude Include="stb_image.h">
      <Filter>Header Files\ThirdDependencies</Filter>
    </ClInclude>
    <ClInclude Include="Model.h">
      <Filter>Header Files\Core</Filter>
    </ClInclude>
    <ClInclude Include="Mesh.h">
      <Filter>Header Files\Core</Filter>
    </ClInclude>
    <ClInclude Include="IRenderable.h">
      <Filter>Header Files\Core</Filter>
    </ClInclude>
    <ClInclude Include="ECS.h">
      <Filter>Header Files\Core\ECS</Filter>
    </ClInclude>
    <ClInclude Include="Engine.h">
      <Filter>Header Files\Core</Filter>
    </ClInclude>
    <ClInclude Include="ComponentRegistry.h">
      <Filter>Header Files\Core\ECS</Filter>
    </ClInclude>
    <ClInclude Include="Logger.h">
      <Filter>Header Files\Core\Logger</Filter>
    </ClInclude>
    <ClInclude Include="MeshComponent.h">
      <Filter>Header Files\Components</Filter>
    </ClInclude>
    <ClInclude Include="TransformComponent.h">
      <Filter>Header Files\Components</Filter>
    </ClInclude>
    <ClInclude Include="RenderSystem.h">
      <Filter>Header Files\Systems</Filter>
    </ClInclude>
    <ClInclude Include="CameraComponent.h">
      <Filter>Header Files\Components</Filter>
    </ClInclude>
    <ClInclude Include="CameraSystem.h">
      <Filter>Header Files\Systems</Filter>
    </ClInclude>
    <ClInclude Include="PrimitivesHelper.h">
      <Filter>Header Files</Filter>
    </ClInclude>
    <ClInclude Include="Mate.h">
      <Filter>Header Files</Filter>
    </ClInclude>
    <ClInclude Include="Input.h">
      <Filter>Header Files</Filter>
    </ClInclude>
    <ClInclude Include="EnableComponent.h">
      <Filter>Header Files\Components</Filter>
    </ClInclude>
    <ClInclude Include="PhysicsSystem.h">
      <Filter>Header Files\Systems</Filter>
    </ClInclude>
    <ClInclude Include="PhysicsComponent.h">
      <Filter>Header Files\Components</Filter>
    </ClInclude>
    <ClInclude Include="PhysicsEngine.h">
      <Filter>Header Files\Core\Physics</Filter>
    </ClInclude>
    <ClInclude Include="BPLayerInterfaceImpl.h">
      <Filter>Header Files\Core\Physics</Filter>
    </ClInclude>
    <ClInclude Include="ObjectVsBPLayerFilterImpl.h">
      <Filter>Header Files\Core\Physics</Filter>
    </ClInclude>
    <ClInclude Include="ObjectLayerPairFilterImpl.h">
      <Filter>Header Files\Core\Physics</Filter>
    </ClInclude>
    <ClInclude Include="CommonPhysics.h">
      <Filter>Header Files\Core\Physics</Filter>
    </ClInclude>
    <ClInclude Include="MateMotionTypes.h">
      <Filter>Header Files\Core\Physics</Filter>
    </ClInclude>
    <ClInclude Include="DebugDraw.h">
      <Filter>Header Files</Filter>
    </ClInclude>
    <ClInclude Include="ModelImporter.h">
      <Filter>Header Files\Importers</Filter>
    </ClInclude>
    <ClInclude Include="MateContactListener.h">
      <Filter>Header Files\Core\Physics</Filter>
    </ClInclude>
    <ClInclude Include="CollisionData.h">
      <Filter>Header Files\Core\Physics</Filter>
    </ClInclude>
    <ClInclude Include="PhysicLayer.h">
      <Filter>Header Files\Core\Physics</Filter>
    </ClInclude>
    <ClInclude Include="AssetManager.h">
      <Filter>Header Files</Filter>
    </ClInclude>
    <ClInclude Include="SkeletonBuilder.h">
      <Filter>Header Files\Core\Animations</Filter>
    </ClInclude>
    <ClInclude Include="Skeleton.h">
      <Filter>Header Files\Core\Animations</Filter>
    </ClInclude>
    <ClInclude Include="AnimationClip.h">
      <Filter>Header Files\Core\Animations</Filter>
    </ClInclude>
    <ClInclude Include="AnimationComponent.h">
      <Filter>Header Files\Components</Filter>
    </ClInclude>
    <ClInclude Include="AnimationSystem.h">
      <Filter>Header Files\Systems</Filter>
    </ClInclude>
    <ClInclude Include="OzzLoader.h">
      <Filter>Header Files\Core\Animations</Filter>
    </ClInclude>
    <ClInclude Include="ExternalOzzProcessor.h">
      <Filter>Header Files\Core\Animations</Filter>
    </ClInclude>
    <ClInclude Include="AnimationBuilder.h">
      <Filter>Header Files\Core\Animations</Filter>
    </ClInclude>
    <ClInclude Include="Component.h">
      <Filter>Header Files\Core\ECS</Filter>
    </ClInclude>
    <ClInclude Include="Entity.h">
      <Filter>Header Files\Core\ECS</Filter>
    </ClInclude>
    <ClInclude Include="AudioSystem.h">
      <Filter>Header Files\Systems</Filter>
    </ClInclude>
    <ClInclude Include="AudioEngine.h">
      <Filter>Header Files\Core\Audio</Filter>
    </ClInclude>
    <ClInclude Include="AudioClip.h">
      <Filter>Header Files\Core\Audio</Filter>
    </ClInclude>
    <ClInclude Include="AudioComponent.h">
      <Filter>Header Files\Components</Filter>
    </ClInclude>
    <ClInclude Include="AudioSettings.h">
      <Filter>Header Files\Core\Audio</Filter>
    </ClInclude>
    <ClInclude Include="Skybox.h">
      <Filter>Header Files\Core</Filter>
    </ClInclude>
    <ClInclude Include="IGame.h">
      <Filter>Header Files</Filter>
    </ClInclude>
    <ClInclude Include="Texture.h">
      <Filter>Header Files\Core</Filter>
    </ClInclude>
  </ItemGroup>
  <ItemGroup>
    <CopyFileToFolders Include="Resources\container.jpg">
      <Filter>Resource Files</Filter>
    </CopyFileToFolders>
  </ItemGroup>
</Project>